
Microsoft Visual Studio Solution File, Format Version 12.00
# Visual Studio Version 17
VisualStudioVersion = 17.10.35122.118
MinimumVisualStudioVersion = 10.0.40219.1
Project("{9A19103F-16F7-4668-BE54-9A1E7A4F7556}") = "Americans_Image_Capture.Server", "Americans_Image_Capture\Server\Americans_Image_Capture.Server.csproj", "{91DFE339-E22C-4E91-AE7D-36903BF4D563}"
EndProject
Project("{9A19103F-16F7-4668-BE54-9A1E7A4F7556}") = "Americans_Image_Capture.Client", "Americans_Image_Capture\Client\Americans_Image_Capture.Client.csproj", "{6B656B02-EED2-41A3-B3B2-80A49DE2915F}"
EndProject
Project("{9A19103F-16F7-4668-BE54-9A1E7A4F7556}") = "Americans_Image_Capture.Shared", "Americans_Image_Capture\Shared\Americans_Image_Capture.Shared.csproj", "{7E78CEDF-8BDF-4859-AD9F-B506445B303D}"
EndProject
Global
	GlobalSection(SolutionConfigurationPlatforms) = preSolution
		Debug|Any CPU = Debug|Any CPU
		Release|Any CPU = Release|Any CPU
	EndGlobalSection
	GlobalSection(ProjectConfigurationPlatforms) = postSolution
		{91DFE339-E22C-4E91-AE7D-36903BF4D563}.Debug|Any CPU.ActiveCfg = Debug|Any CPU
		{91DFE339-E22C-4E91-AE7D-36903BF4D563}.Debug|Any CPU.Build.0 = Debug|Any CPU
		{91DFE339-E22C-4E91-AE7D-36903BF4D563}.Release|Any CPU.ActiveCfg = Release|Any CPU
		{91DFE339-E22C-4E91-AE7D-36903BF4D563}.Release|Any CPU.Build.0 = Release|Any CPU
		{6B656B02-EED2-41A3-B3B2-80A49DE2915F}.Debug|Any CPU.ActiveCfg = Debug|Any CPU
		{6B656B02-EED2-41A3-B3B2-80A49DE2915F}.Debug|Any CPU.Build.0 = Debug|Any CPU
		{6B656B02-EED2-41A3-B3B2-80A49DE2915F}.Release|Any CPU.ActiveCfg = Release|Any CPU
		{6B656B02-EED2-41A3-B3B2-80A49DE2915F}.Release|Any CPU.Build.0 = Release|Any CPU
		{7E78CEDF-8BDF-4859-AD9F-B506445B303D}.Debug|Any CPU.ActiveCfg = Debug|Any CPU
		{7E78CEDF-8BDF-4859-AD9F-B506445B303D}.Debug|Any CPU.Build.0 = Debug|Any CPU
		{7E78CEDF-8BDF-4859-AD9F-B506445B303D}.Release|Any CPU.ActiveCfg = Release|Any CPU
		{7E78CEDF-8BDF-4859-AD9F-B506445B303D}.Release|Any CPU.Build.0 = Release|Any CPU
	EndGlobalSection
	GlobalSection(SolutionProperties) = preSolution
		HideSolutionNode = FALSE
	EndGlobalSection
	GlobalSection(ExtensibilityGlobals) = postSolution
		SolutionGuid = {A3C5FB4F-11E4-4B88-A92E-CEFD2BFE1E92}
	EndGlobalSection
EndGlobal
